// !$*UTF8*$!
{
	archiveVersion = 1;
	classes = {
	};
	objectVersion = 50;
	objects = {

/* Begin PBXBuildFile section */
		45B8C64B208A23D4000A6F24 /* AppDelegate.swift in Sources */ = {isa = PBXBuildFile; fileRef = 45B8C64A208A23D4000A6F24 /* AppDelegate.swift */; };
		45B8C64D208A23D4000A6F24 /* ViewController.swift in Sources */ = {isa = PBXBuildFile; fileRef = 45B8C64C208A23D4000A6F24 /* ViewController.swift */; };
		45B8C650208A23D4000A6F24 /* Main.storyboard in Resources */ = {isa = PBXBuildFile; fileRef = 45B8C64E208A23D4000A6F24 /* Main.storyboard */; };
		45B8C652208A23D5000A6F24 /* Assets.xcassets in Resources */ = {isa = PBXBuildFile; fileRef = 45B8C651208A23D5000A6F24 /* Assets.xcassets */; };
		45B8C655208A23D5000A6F24 /* LaunchScreen.storyboard in Resources */ = {isa = PBXBuildFile; fileRef = 45B8C653208A23D5000A6F24 /* LaunchScreen.storyboard */; };
		45B8C660208A23D5000A6F24 /* RPSTests.swift in Sources */ = {isa = PBXBuildFile; fileRef = 45B8C65F208A23D5000A6F24 /* RPSTests.swift */; };
		45B8C66B208A23D5000A6F24 /* RPSUITests.swift in Sources */ = {isa = PBXBuildFile; fileRef = 45B8C66A208A23D5000A6F24 /* RPSUITests.swift */; };
/* End PBXBuildFile section */

/* Begin PBXContainerItemProxy section */
		45B8C65C208A23D5000A6F24 /* PBXContainerItemProxy */ = {
			isa = PBXContainerItemProxy;
			containerPortal = 45B8C63F208A23D4000A6F24 /* Project object */;
			proxyType = 1;
			remoteGlobalIDString = 45B8C646208A23D4000A6F24;
			remoteInfo = RPS;
		};
		45B8C667208A23D5000A6F24 /* PBXContainerItemProxy */ = {
			isa = PBXContainerItemProxy;
			containerPortal = 45B8C63F208A23D4000A6F24 /* Project object */;
			proxyType = 1;
			remoteGlobalIDString = 45B8C646208A23D4000A6F24;
			remoteInfo = RPS;
		};
/* End PBXContainerItemProxy section */

/* Begin PBXFileReference section */
		45B8C647208A23D4000A6F24 /* RPS.app */ = {isa = PBXFileReference; explicitFileType = wrapper.application; includeInIndex = 0; path = RPS.app; sourceTree = BUILT_PRODUCTS_DIR; };
		45B8C64A208A23D4000A6F24 /* AppDelegate.swift */ = {isa = PBXFileReference; lastKnownFileType = sourcecode.swift; path = AppDelegate.swift; sourceTree = "<group>"; };
		45B8C64C208A23D4000A6F24 /* ViewController.swift */ = {isa = PBXFileReference; lastKnownFileType = sourcecode.swift; path = ViewController.swift; sourceTree = "<group>"; };
		45B8C64F208A23D4000A6F24 /* Base */ = {isa = PBXFileReference; lastKnownFileType = file.storyboard; name = Base; path = Base.lproj/Main.storyboard; sourceTree = "<group>"; };
		45B8C651208A23D5000A6F24 /* Assets.xcassets */ = {isa = PBXFileReference; lastKnownFileType = folder.assetcatalog; path = Assets.xcassets; sourceTree = "<group>"; };
		45B8C654208A23D5000A6F24 /* Base */ = {isa = PBXFileReference; lastKnownFileType = file.storyboard; name = Base; path = Base.lproj/LaunchScreen.storyboard; sourceTree = "<group>"; };
		45B8C656208A23D5000A6F24 /* Info.plist */ = {isa = PBXFileReference; lastKnownFileType = text.plist.xml; path = Info.plist; sourceTree = "<group>"; };
		45B8C65B208A23D5000A6F24 /* RPSTests.xctest */ = {isa = PBXFileReference; explicitFileType = wrapper.cfbundle; includeInIndex = 0; path = RPSTests.xctest; sourceTree = BUILT_PRODUCTS_DIR; };
		45B8C65F208A23D5000A6F24 /* RPSTests.swift */ = {isa = PBXFileReference; lastKnownFileType = sourcecode.swift; path = RPSTests.swift; sourceTree = "<group>"; };
		45B8C661208A23D5000A6F24 /* Info.plist */ = {isa = PBXFileReference; lastKnownFileType = text.plist.xml; path = Info.plist; sourceTree = "<group>"; };
		45B8C666208A23D5000A6F24 /* RPSUITests.xctest */ = {isa = PBXFileReference; explicitFileType = wrapper.cfbundle; includeInIndex = 0; path = RPSUITests.xctest; sourceTree = BUILT_PRODUCTS_DIR; };
		45B8C66A208A23D5000A6F24 /* RPSUITests.swift */ = {isa = PBXFileReference; lastKnownFileType = sourcecode.swift; path = RPSUITests.swift; sourceTree = "<group>"; };
		45B8C66C208A23D5000A6F24 /* Info.plist */ = {isa = PBXFileReference; lastKnownFileType = text.plist.xml; path = Info.plist; sourceTree = "<group>"; };
/* End PBXFileReference section */

/* Begin PBXFrameworksBuildPhase section */
		45B8C644208A23D4000A6F24 /* Frameworks */ = {
			isa = PBXFrameworksBuildPhase;
			buildActionMask = 2147483647;
			files = (
			);
			runOnlyForDeploymentPostprocessing = 0;
		};
		45B8C658208A23D5000A6F24 /* Frameworks */ = {
			isa = PBXFrameworksBuildPhase;
			buildActionMask = 2147483647;
			files = (
			);
			runOnlyForDeploymentPostprocessing = 0;
		};
		45B8C663208A23D5000A6F24 /* Frameworks */ = {
			isa = PBXFrameworksBuildPhase;
			buildActionMask = 2147483647;
			files = (
			);
			runOnlyForDeploymentPostprocessing = 0;
		};
/* End PBXFrameworksBuildPhase section */

/* Begin PBXGroup section */
		45B8C63E208A23D4000A6F24 = {
			isa = PBXGroup;
			children = (
				45B8C649208A23D4000A6F24 /* RPS */,
				45B8C65E208A23D5000A6F24 /* RPSTests */,
				45B8C669208A23D5000A6F24 /* RPSUITests */,
				45B8C648208A23D4000A6F24 /* Products */,
			);
			sourceTree = "<group>";
		};
		45B8C648208A23D4000A6F24 /* Products */ = {
			isa = PBXGroup;
			children = (
				45B8C647208A23D4000A6F24 /* RPS.app */,
				45B8C65B208A23D5000A6F24 /* RPSTests.xctest */,
				45B8C666208A23D5000A6F24 /* RPSUITests.xctest */,
			);
			name = Products;
			sourceTree = "<group>";
		};
		45B8C649208A23D4000A6F24 /* RPS */ = {
			isa = PBXGroup;
			children = (
				45B8C64A208A23D4000A6F24 /* AppDelegate.swift */,
				45B8C64C208A23D4000A6F24 /* ViewController.swift */,
				45B8C64E208A23D4000A6F24 /* Main.storyboard */,
				45B8C651208A23D5000A6F24 /* Assets.xcassets */,
				45B8C653208A23D5000A6F24 /* LaunchScreen.storyboard */,
				45B8C656208A23D5000A6F24 /* Info.plist */,
			);
			path = RPS;
			sourceTree = "<group>";
		};
		45B8C65E208A23D5000A6F24 /* RPSTests */ = {
			isa = PBXGroup;
			children = (
				45B8C65F208A23D5000A6F24 /* RPSTests.swift */,
				45B8C661208A23D5000A6F24 /* Info.plist */,
			);
			path = RPSTests;
			sourceTree = "<group>";
		};
		45B8C669208A23D5000A6F24 /* RPSUITests */ = {
			isa = PBXGroup;
			children = (
				45B8C66A208A23D5000A6F24 /* RPSUITests.swift */,
				45B8C66C208A23D5000A6F24 /* Info.plist */,
			);
			path = RPSUITests;
			sourceTree = "<group>";
		};
/* End PBXGroup section */

/* Begin PBXNativeTarget section */
		45B8C646208A23D4000A6F24 /* RPS */ = {
			isa = PBXNativeTarget;
			buildConfigurationList = 45B8C66F208A23D5000A6F24 /* Build configuration list for PBXNativeTarget "RPS" */;
			buildPhases = (
				45B8C643208A23D4000A6F24 /* Sources */,
				45B8C644208A23D4000A6F24 /* Frameworks */,
				45B8C645208A23D4000A6F24 /* Resources */,
			);
			buildRules = (
			);
			dependencies = (
			);
			name = RPS;
			productName = RPS;
			productReference = 45B8C647208A23D4000A6F24 /* RPS.app */;
			productType = "com.apple.product-type.application";
		};
		45B8C65A208A23D5000A6F24 /* RPSTests */ = {
			isa = PBXNativeTarget;
			buildConfigurationList = 45B8C672208A23D5000A6F24 /* Build configuration list for PBXNativeTarget "RPSTests" */;
			buildPhases = (
				45B8C657208A23D5000A6F24 /* Sources */,
				45B8C658208A23D5000A6F24 /* Frameworks */,
				45B8C659208A23D5000A6F24 /* Resources */,
			);
			buildRules = (
			);
			dependencies = (
				45B8C65D208A23D5000A6F24 /* PBXTargetDependency */,
			);
			name = RPSTests;
			productName = RPSTests;
			productReference = 45B8C65B208A23D5000A6F24 /* RPSTests.xctest */;
			productType = "com.apple.product-type.bundle.unit-test";
		};
		45B8C665208A23D5000A6F24 /* RPSUITests */ = {
			isa = PBXNativeTarget;
			buildConfigurationList = 45B8C675208A23D5000A6F24 /* Build configuration list for PBXNativeTarget "RPSUITests" */;
			buildPhases = (
				45B8C662208A23D5000A6F24 /* Sources */,
				45B8C663208A23D5000A6F24 /* Frameworks */,
				45B8C664208A23D5000A6F24 /* Resources */,
			);
			buildRules = (
			);
			dependencies = (
				45B8C668208A23D5000A6F24 /* PBXTargetDependency */,
			);
			name = RPSUITests;
			productName = RPSUITests;
			productReference = 45B8C666208A23D5000A6F24 /* RPSUITests.xctest */;
			productType = "com.apple.product-type.bundle.ui-testing";
		};
/* End PBXNativeTarget section */

/* Begin PBXProject section */
		45B8C63F208A23D4000A6F24 /* Project object */ = {
			isa = PBXProject;
			attributes = {
				LastSwiftUpdateCheck = 0930;
				LastUpgradeCheck = 0930;
				ORGANIZATIONNAME = HjmNP;
				TargetAttributes = {
					45B8C646208A23D4000A6F24 = {
						CreatedOnToolsVersion = 9.3;
					};
					45B8C65A208A23D5000A6F24 = {
						CreatedOnToolsVersion = 9.3;
						TestTargetID = 45B8C646208A23D4000A6F24;
					};
					45B8C665208A23D5000A6F24 = {
						CreatedOnToolsVersion = 9.3;
						TestTargetID = 45B8C646208A23D4000A6F24;
					};
				};
			};
			buildConfigurationList = 45B8C642208A23D4000A6F24 /* Build configuration list for PBXProject "RPS" */;
			compatibilityVersion = "Xcode 9.3";
			developmentRegion = en;
			hasScannedForEncodings = 0;
			knownRegions = (
				en,
				Base,
			);
			mainGroup = 45B8C63E208A23D4000A6F24;
			productRefGroup = 45B8C648208A23D4000A6F24 /* Products */;
			projectDirPath = "";
			projectRoot = "";
			targets = (
				45B8C646208A23D4000A6F24 /* RPS */,
				45B8C65A208A23D5000A6F24 /* RPSTests */,
				45B8C665208A23D5000A6F24 /* RPSUITests */,
			);
		};
/* End PBXProject section */

/* Begin PBXResourcesBuildPhase section */
		45B8C645208A23D4000A6F24 /* Resources */ = {
			isa = PBXResourcesBuildPhase;
			buildActionMask = 2147483647;
			files = (
				45B8C655208A23D5000A6F24 /* LaunchScreen.storyboard in Resources */,
				45B8C652208A23D5000A6F24 /* Assets.xcassets in Resources */,
				45B8C650208A23D4000A6F24 /* Main.storyboard in Resources */,
			);
			runOnlyForDeploymentPostprocessing = 0;
		};
		45B8C659208A23D5000A6F24 /* Resources */ = {
			isa = PBXResourcesBuildPhase;
			buildActionMask = 2147483647;
			files = (
			);
			runOnlyForDeploymentPostprocessing = 0;
		};
		45B8C664208A23D5000A6F24 /* Resources */ = {
			isa = PBXResourcesBuildPhase;
			buildActionMask = 2147483647;
			files = (
			);
			runOnlyForDeploymentPostprocessing = 0;
		};
/* End PBXResourcesBuildPhase section */

/* Begin PBXSourcesBuildPhase section */
		45B8C643208A23D4000A6F24 /* Sources */ = {
			isa = PBXSourcesBuildPhase;
			buildActionMask = 2147483647;
			files = (
				45B8C64D208A23D4000A6F24 /* ViewController.swift in Sources */,
				45B8C64B208A23D4000A6F24 /* AppDelegate.swift in Sources */,
			);
			runOnlyForDeploymentPostprocessing = 0;
		};
		45B8C657208A23D5000A6F24 /* Sources */ = {
			isa = PBXSourcesBuildPhase;
			buildActionMask = 2147483647;
			files = (
				45B8C660208A23D5000A6F24 /* RPSTests.swift in Sources */,
			);
			runOnlyForDeploymentPostprocessing = 0;
		};
		45B8C662208A23D5000A6F24 /* Sources */ = {
			isa = PBXSourcesBuildPhase;
			buildActionMask = 2147483647;
			files = (
				45B8C66B208A23D5000A6F24 /* RPSUITests.swift in Sources */,
			);
			runOnlyForDeploymentPostprocessing = 0;
		};
/* End PBXSourcesBuildPhase section */

/* Begin PBXTargetDependency section */
		45B8C65D208A23D5000A6F24 /* PBXTargetDependency */ = {
			isa = PBXTargetDependency;
			target = 45B8C646208A23D4000A6F24 /* RPS */;
			targetProxy = 45B8C65C208A23D5000A6F24 /* PBXContainerItemProxy */;
		};
		45B8C668208A23D5000A6F24 /* PBXTargetDependency */ = {
			isa = PBXTargetDependency;
			target = 45B8C646208A23D4000A6F24 /* RPS */;
			targetProxy = 45B8C667208A23D5000A6F24 /* PBXContainerItemProxy */;
		};
/* End PBXTargetDependency section */

/* Begin PBXVariantGroup section */
		45B8C64E208A23D4000A6F24 /* Main.storyboard */ = {
			isa = PBXVariantGroup;
			children = (
				45B8C64F208A23D4000A6F24 /* Base */,
			);
			name = Main.storyboard;
			sourceTree = "<group>";
		};
		45B8C653208A23D5000A6F24 /* LaunchScreen.storyboard */ = {
			isa = PBXVariantGroup;
			children = (
				45B8C654208A23D5000A6F24 /* Base */,
			);
			name = LaunchScreen.storyboard;
			sourceTree = "<group>";
		};
/* End PBXVariantGroup section */

/* Begin XCBuildConfiguration section */
		45B8C66D208A23D5000A6F24 /* Debug */ = {
			isa = XCBuildConfiguration;
			buildSettings = {
				ALWAYS_SEARCH_USER_PATHS = NO;
				CLANG_ANALYZER_NONNULL = YES;
				CLANG_ANALYZER_NUMBER_OBJECT_CONVERSION = YES_AGGRESSIVE;
				CLANG_CXX_LANGUAGE_STANDARD = "gnu++14";
				CLANG_CXX_LIBRARY = "libc++";
				CLANG_ENABLE_MODULES = YES;
				CLANG_ENABLE_OBJC_ARC = YES;
				CLANG_ENABLE_OBJC_WEAK = YES;
				CLANG_WARN_BLOCK_CAPTURE_AUTORELEASING = YES;
				CLANG_WARN_BOOL_CONVERSION = YES;
				CLANG_WARN_COMMA = YES;
				CLANG_WARN_CONSTANT_CONVERSION = YES;
				CLANG_WARN_DEPRECATED_OBJC_IMPLEMENTATIONS = YES;
				CLANG_WARN_DIRECT_OBJC_ISA_USAGE = YES_ERROR;
				CLANG_WARN_DOCUMENTATION_COMMENTS = YES;
				CLANG_WARN_EMPTY_BODY = YES;
				CLANG_WARN_ENUM_CONVERSION = YES;
				CLANG_WARN_INFINITE_RECURSION = YES;
				CLANG_WARN_INT_CONVERSION = YES;
				CLANG_WARN_NON_LITERAL_NULL_CONVERSION = YES;
				CLANG_WARN_OBJC_IMPLICIT_RETAIN_SELF = YES;
				CLANG_WARN_OBJC_LITERAL_CONVERSION = YES;
				CLANG_WARN_OBJC_ROOT_CLASS = YES_ERROR;
				CLANG_WARN_RANGE_LOOP_ANALYSIS = YES;
				CLANG_WARN_STRICT_PROTOTYPES = YES;
				CLANG_WARN_SUSPICIOUS_MOVE = YES;
				CLANG_WARN_UNGUARDED_AVAILABILITY = YES_AGGRESSIVE;
				CLANG_WARN_UNREACHABLE_CODE = YES;
				CLANG_WARN__DUPLICATE_METHOD_MATCH = YES;
				CODE_SIGN_IDENTITY = "iPhone Developer";
				COPY_PHASE_STRIP = NO;
				DEBUG_INFORMATION_FORMAT = dwarf;
				ENABLE_STRICT_OBJC_MSGSEND = YES;
				ENABLE_TESTABILITY = YES;
				GCC_C_LANGUAGE_STANDARD = gnu11;
				GCC_DYNAMIC_NO_PIC = NO;
				GCC_NO_COMMON_BLOCKS = YES;
				GCC_OPTIMIZATION_LEVEL = 0;
				GCC_PREPROCESSOR_DEFINITIONS = (
					"DEBUG=1",
					"$(inherited)",
				);
				GCC_WARN_64_TO_32_BIT_CONVERSION = YES;
				GCC_WARN_ABOUT_RETURN_TYPE = YES_ERROR;
				GCC_WARN_UNDECLARED_SELECTOR = YES;
				GCC_WARN_UNINITIALIZED_AUTOS = YES_AGGRESSIVE;
				GCC_WARN_UNUSED_FUNCTION = YES;
				GCC_WARN_UNUSED_VARIABLE = YES;
				IPHONEOS_DEPLOYMENT_TARGET = 11.3;
				MTL_ENABLE_DEBUG_INFO = YES;
				ONLY_ACTIVE_ARCH = YES;
				SDKROOT = iphoneos;
				SWIFT_ACTIVE_COMPILATION_CONDITIONS = DEBUG;
				SWIFT_OPTIMIZATION_LEVEL = "-Onone";
			};
			name = Debug;
		};
		45B8C66E208A23D5000A6F24 /* Release */ = {
			isa = XCBuildConfiguration;
			buildSettings = {
				ALWAYS_SEARCH_USER_PATHS = NO;
				CLANG_ANALYZER_NONNULL = YES;
				CLANG_ANALYZER_NUMBER_OBJECT_CONVERSION = YES_AGGRESSIVE;
				CLANG_CXX_LANGUAGE_STANDARD = "gnu++14";
				CLANG_CXX_LIBRARY = "libc++";
				CLANG_ENABLE_MODULES = YES;
				CLANG_ENABLE_OBJC_ARC = YES;
				CLANG_ENABLE_OBJC_WEAK = YES;
				CLANG_WARN_BLOCK_CAPTURE_AUTORELEASING = YES;
				CLANG_WARN_BOOL_CONVERSION = YES;
				CLANG_WARN_COMMA = YES;
				CLANG_WARN_CONSTANT_CONVERSION = YES;
				CLANG_WARN_DEPRECATED_OBJC_IMPLEMENTATIONS = YES;
				CLANG_WARN_DIRECT_OBJC_ISA_USAGE = YES_ERROR;
				CLANG_WARN_DOCUMENTATION_COMMENTS = YES;
				CLANG_WARN_EMPTY_BODY = YES;
				CLANG_WARN_ENUM_CONVERSION = YES;
				CLANG_WARN_INFINITE_RECURSION = YES;
				CLANG_WARN_INT_CONVERSION = YES;
				CLANG_WARN_NON_LITERAL_NULL_CONVERSION = YES;
				CLANG_WARN_OBJC_IMPLICIT_RETAIN_SELF = YES;
				CLANG_WARN_OBJC_LITERAL_CONVERSION = YES;
				CLANG_WARN_OBJC_ROOT_CLASS = YES_ERROR;
				CLANG_WARN_RANGE_LOOP_ANALYSIS = YES;
				CLANG_WARN_STRICT_PROTOTYPES = YES;
				CLANG_WARN_SUSPICIOUS_MOVE = YES;
				CLANG_WARN_UNGUARDED_AVAILABILITY = YES_AGGRESSIVE;
				CLANG_WARN_UNREACHABLE_CODE = YES;
				CLANG_WARN__DUPLICATE_METHOD_MATCH = YES;
				CODE_SIGN_IDENTITY = "iPhone Developer";
				COPY_PHASE_STRIP = NO;
				DEBUG_INFORMATION_FORMAT = "dwarf-with-dsym";
				ENABLE_NS_ASSERTIONS = NO;
				ENABLE_STRICT_OBJC_MSGSEND = YES;
				GCC_C_LANGUAGE_STANDARD = gnu11;
				GCC_NO_COMMON_BLOCKS = YES;
				GCC_WARN_64_TO_32_BIT_CONVERSION = YES;
				GCC_WARN_ABOUT_RETURN_TYPE = YES_ERROR;
				GCC_WARN_UNDECLARED_SELECTOR = YES;
				GCC_WARN_UNINITIALIZED_AUTOS = YES_AGGRESSIVE;
				GCC_WARN_UNUSED_FUNCTION = YES;
				GCC_WARN_UNUSED_VARIABLE = YES;
				IPHONEOS_DEPLOYMENT_TARGET = 11.3;
				MTL_ENABLE_DEBUG_INFO = NO;
				SDKROOT = iphoneos;
				SWIFT_COMPILATION_MODE = wholemodule;
				SWIFT_OPTIMIZATION_LEVEL = "-O";
				VALIDATE_PRODUCT = YES;
			};
			name = Release;
		};
		45B8C670208A23D5000A6F24 /* Debug */ = {
			isa = XCBuildConfiguration;
			buildSettings = {
				ASSETCATALOG_COMPILER_APPICON_NAME = AppIcon;
				CODE_SIGN_STYLE = Automatic;
				DEVELOPMENT_TEAM = WHTY8G44B7;
				INFOPLIST_FILE = RPS/Info.plist;
				LD_RUNPATH_SEARCH_PATHS = (
					"$(inherited)",
					"@executable_path/Frameworks",
				);
				PRODUCT_BUNDLE_IDENTIFIER = example.HjmNp.RPS;
				PRODUCT_NAME = "$(TARGET_NAME)";
				SWIFT_VERSION = 4.0;
				TARGETED_DEVICE_FAMILY = "1,2";
			};
			name = Debug;
		};
		45B8C671208A23D5000A6F24 /* Release */ = {
			isa = XCBuildConfiguration;
			buildSettings = {
				ASSETCATALOG_COMPILER_APPICON_NAME = AppIcon;
				CODE_SIGN_STYLE = Automatic;
				DEVELOPMENT_TEAM = WHTY8G44B7;
				INFOPLIST_FILE = RPS/Info.plist;
				LD_RUNPATH_SEARCH_PATHS = (
					"$(inherited)",
					"@executable_path/Frameworks",
				);
				PRODUCT_BUNDLE_IDENTIFIER = example.HjmNp.RPS;
				PRODUCT_NAME = "$(TARGET_NAME)";
				SWIFT_VERSION = 4.0;
				TARGETED_DEVICE_FAMILY = "1,2";
			};
			name = Release;
		};
		45B8C673208A23D5000A6F24 /* Debug */ = {
			isa = XCBuildConfiguration;
			buildSettings = {
				ALWAYS_EMBED_SWIFT_STANDARD_LIBRARIES = YES;
				BUNDLE_LOADER = "$(TEST_HOST)";
				CODE_SIGN_STYLE = Automatic;
				DEVELOPMENT_TEAM = WHTY8G44B7;
				INFOPLIST_FILE = RPSTests/Info.plist;
				LD_RUNPATH_SEARCH_PATHS = (
					"$(inherited)",
					"@executable_path/Frameworks",
					"@loader_path/Frameworks",
				);
				PRODUCT_BUNDLE_IDENTIFIER = example.HjmNp.RPSTests;
				PRODUCT_NAME = "$(TARGET_NAME)";
				SWIFT_VERSION = 4.0;
				TARGETED_DEVICE_FAMILY = "1,2";
				TEST_HOST = "$(BUILT_PRODUCTS_DIR)/RPS.app/RPS";
			};
			name = Debug;
		};
		45B8C674208A23D5000A6F24 /* Release */ = {
			isa = XCBuildConfiguration;
			buildSettings = {
				ALWAYS_EMBED_SWIFT_STANDARD_LIBRARIES = YES;
				BUNDLE_LOADER = "$(TEST_HOST)";
				CODE_SIGN_STYLE = Automatic;
				DEVELOPMENT_TEAM = WHTY8G44B7;
				INFOPLIST_FILE = RPSTests/Info.plist;
				LD_RUNPATH_SEARCH_PATHS = (
					"$(inherited)",
					"@executable_path/Frameworks",
					"@loader_path/Frameworks",
				);
				PRODUCT_BUNDLE_IDENTIFIER = example.HjmNp.RPSTests;
				PRODUCT_NAME = "$(TARGET_NAME)";
				SWIFT_VERSION = 4.0;
				TARGETED_DEVICE_FAMILY = "1,2";
				TEST_HOST = "$(BUILT_PRODUCTS_DIR)/RPS.app/RPS";
			};
			name = Release;
		};
		45B8C676208A23D5000A6F24 /* Debug */ = {
			isa = XCBuildConfiguration;
			buildSettings = {
				ALWAYS_EMBED_SWIFT_STANDARD_LIBRARIES = YES;
				CODE_SIGN_STYLE = Automatic;
				DEVELOPMENT_TEAM = WHTY8G44B7;
				INFOPLIST_FILE = RPSUITests/Info.plist;
				LD_RUNPATH_SEARCH_PATHS = (
					"$(inherited)",
					"@executable_path/Frameworks",
					"@loader_path/Frameworks",
				);
				PRODUCT_BUNDLE_IDENTIFIER = example.HjmNp.RPSUITests;
				PRODUCT_NAME = "$(TARGET_NAME)";
				SWIFT_VERSION = 4.0;
				TARGETED_DEVICE_FAMILY = "1,2";
				TEST_TARGET_NAME = RPS;
			};
			name = Debug;
		};
		45B8C677208A23D5000A6F24 /* Release */ = {
			isa = XCBuildConfiguration;
			buildSettings = {
				ALWAYS_EMBED_SWIFT_STANDARD_LIBRARIES = YES;
				CODE_SIGN_STYLE = Automatic;
				DEVELOPMENT_TEAM = WHTY8G44B7;
				INFOPLIST_FILE = RPSUITests/Info.plist;
				LD_RUNPATH_SEARCH_PATHS = (
					"$(inherited)",
					"@executable_path/Frameworks",
					"@loader_path/Frameworks",
				);
				PRODUCT_BUNDLE_IDENTIFIER = example.HjmNp.RPSUITests;
				PRODUCT_NAME = "$(TARGET_NAME)";
				SWIFT_VERSION = 4.0;
				TARGETED_DEVICE_FAMILY = "1,2";
				TEST_TARGET_NAME = RPS;
			};
			name = Release;
		};
/* End XCBuildConfiguration section */

/* Begin XCConfigurationList section */
		45B8C642208A23D4000A6F24 /* Build configuration list for PBXProject "RPS" */ = {
			isa = XCConfigurationList;
			buildConfigurations = (
				45B8C66D208A23D5000A6F24 /* Debug */,
				45B8C66E208A23D5000A6F24 /* Release */,
			);
			defaultConfigurationIsVisible = 0;
			defaultConfigurationName = Release;
		};
		45B8C66F208A23D5000A6F24 /* Build configuration list for PBXNativeTarget "RPS" */ = {
			isa = XCConfigurationList;
			buildConfigurations = (
				45B8C670208A23D5000A6F24 /* Debug */,
				45B8C671208A23D5000A6F24 /* Release */,
			);
			defaultConfigurationIsVisible = 0;
			defaultConfigurationName = Release;
		};
		45B8C672208A23D5000A6F24 /* Build configuration list for PBXNativeTarget "RPSTests" */ = {
			isa = XCConfigurationList;
			buildConfigurations = (
				45B8C673208A23D5000A6F24 /* Debug */,
				45B8C674208A23D5000A6F24 /* Release */,
			);
			defaultConfigurationIsVisible = 0;
			defaultConfigurationName = Release;
		};
		45B8C675208A23D5000A6F24 /* Build configuration list for PBXNativeTarget "RPSUITests" */ = {
			isa = XCConfigurationList;
			buildConfigurations = (
				45B8C676208A23D5000A6F24 /* Debug */,
				45B8C677208A23D5000A6F24 /* Release */,
			);
			defaultConfigurationIsVisible = 0;
			defaultConfigurationName = Release;
		};
/* End XCConfigurationList section */
	};
	rootObject = 45B8C63F208A23D4000A6F24 /* Project object */;
}
